
Microsoft Visual Studio Solution File, Format Version 12.00
# Visual Studio Version 17
VisualStudioVersion = 17.3.32804.467
MinimumVisualStudioVersion = 10.0.40219.1
Project("{FAE04EC0-301F-11D3-BF4B-00C04F79EFBC}") = "NewProject", "NewProject\NewProject.csproj", "{112CB6FC-4CCD-4178-AA1F-2B211BBA09DA}"
EndProject
Global
	GlobalSection(SolutionConfigurationPlatforms) = preSolution
		Debug|Any CPU = Debug|Any CPU
		Release|Any CPU = Release|Any CPU
	EndGlobalSection
	GlobalSection(ProjectConfigurationPlatforms) = postSolution
		{112CB6FC-4CCD-4178-AA1F-2B211BBA09DA}.Debug|Any CPU.ActiveCfg = Debug|Any CPU
		{112CB6FC-4CCD-4178-AA1F-2B211BBA09DA}.Debug|Any CPU.Build.0 = Debug|Any CPU
		{112CB6FC-4CCD-4178-AA1F-2B211BBA09DA}.Release|Any CPU.ActiveCfg = Release|Any CPU
		{112CB6FC-4CCD-4178-AA1F-2B211BBA09DA}.Release|Any CPU.Build.0 = Release|Any CPU
	EndGlobalSection
	GlobalSection(SolutionProperties) = preSolution
		HideSolutionNode = FALSE
	EndGlobalSection
	GlobalSection(ExtensibilityGlobals) = postSolution
		SolutionGuid = {A5F6605A-133D-4026-BA97-689CCA4390ED}
	EndGlobalSection
EndGlobal
